// !$*UTF8*$!
{
	archiveVersion = 1;
	classes = {
	};
	objectVersion = 55;
	objects = {

/* Begin PBXBuildFile section */
		1C7F4CF627F73CF400F5EE1D /* AppDelegate.swift in Sources */ = {isa = PBXBuildFile; fileRef = 1C7F4CF527F73CF400F5EE1D /* AppDelegate.swift */; };
		1C7F4CF827F73CF400F5EE1D /* SceneDelegate.swift in Sources */ = {isa = PBXBuildFile; fileRef = 1C7F4CF727F73CF400F5EE1D /* SceneDelegate.swift */; };
		1C7F4CFA27F73CF400F5EE1D /* ViewController.swift in Sources */ = {isa = PBXBuildFile; fileRef = 1C7F4CF927F73CF400F5EE1D /* ViewController.swift */; };
		1C7F4D0027F73CF400F5EE1D /* TicTacToeFourByFour.xcdatamodeld in Sources */ = {isa = PBXBuildFile; fileRef = 1C7F4CFE27F73CF400F5EE1D /* TicTacToeFourByFour.xcdatamodeld */; };
		1C7F4D0227F73CF900F5EE1D /* Assets.xcassets in Resources */ = {isa = PBXBuildFile; fileRef = 1C7F4D0127F73CF900F5EE1D /* Assets.xcassets */; };
		1C7F4D0527F73CF900F5EE1D /* LaunchScreen.storyboard in Resources */ = {isa = PBXBuildFile; fileRef = 1C7F4D0327F73CF900F5EE1D /* LaunchScreen.storyboard */; };
		1C7F4D0D27F73E7800F5EE1D /* TicTacModel.swift in Sources */ = {isa = PBXBuildFile; fileRef = 1C7F4D0C27F73E7800F5EE1D /* TicTacModel.swift */; };
		1C7F4D0F27F7446A00F5EE1D /* GameModel.swift in Sources */ = {isa = PBXBuildFile; fileRef = 1C7F4D0E27F7446A00F5EE1D /* GameModel.swift */; };
		1C7F4D1327F7499900F5EE1D /* GameView.swift in Sources */ = {isa = PBXBuildFile; fileRef = 1C7F4D1227F7499900F5EE1D /* GameView.swift */; };
/* End PBXBuildFile section */

/* Begin PBXFileReference section */
		1C7F4CF227F73CF400F5EE1D /* TicTacToeFourByFour.app */ = {isa = PBXFileReference; explicitFileType = wrapper.application; includeInIndex = 0; path = TicTacToeFourByFour.app; sourceTree = BUILT_PRODUCTS_DIR; };
		1C7F4CF527F73CF400F5EE1D /* AppDelegate.swift */ = {isa = PBXFileReference; lastKnownFileType = sourcecode.swift; path = AppDelegate.swift; sourceTree = "<group>"; };
		1C7F4CF727F73CF400F5EE1D /* SceneDelegate.swift */ = {isa = PBXFileReference; lastKnownFileType = sourcecode.swift; path = SceneDelegate.swift; sourceTree = "<group>"; };
		1C7F4CF927F73CF400F5EE1D /* ViewController.swift */ = {isa = PBXFileReference; lastKnownFileType = sourcecode.swift; path = ViewController.swift; sourceTree = "<group>"; };
		1C7F4CFF27F73CF400F5EE1D /* TicTacToeFourByFour.xcdatamodel */ = {isa = PBXFileReference; lastKnownFileType = wrapper.xcdatamodel; path = TicTacToeFourByFour.xcdatamodel; sourceTree = "<group>"; };
		1C7F4D0127F73CF900F5EE1D /* Assets.xcassets */ = {isa = PBXFileReference; lastKnownFileType = folder.assetcatalog; path = Assets.xcassets; sourceTree = "<group>"; };
		1C7F4D0427F73CF900F5EE1D /* Base */ = {isa = PBXFileReference; lastKnownFileType = file.storyboard; name = Base; path = Base.lproj/LaunchScreen.storyboard; sourceTree = "<group>"; };
		1C7F4D0627F73CF900F5EE1D /* Info.plist */ = {isa = PBXFileReference; lastKnownFileType = text.plist.xml; path = Info.plist; sourceTree = "<group>"; };
		1C7F4D0C27F73E7800F5EE1D /* TicTacModel.swift */ = {isa = PBXFileReference; lastKnownFileType = sourcecode.swift; path = TicTacModel.swift; sourceTree = "<group>"; };
		1C7F4D0E27F7446A00F5EE1D /* GameModel.swift */ = {isa = PBXFileReference; lastKnownFileType = sourcecode.swift; path = GameModel.swift; sourceTree = "<group>"; };
		1C7F4D1227F7499900F5EE1D /* GameView.swift */ = {isa = PBXFileReference; lastKnownFileType = sourcecode.swift; path = GameView.swift; sourceTree = "<group>"; };
/* End PBXFileReference section */

/* Begin PBXFrameworksBuildPhase section */
		1C7F4CEF27F73CF400F5EE1D /* Frameworks */ = {
			isa = PBXFrameworksBuildPhase;
			buildActionMask = 2147483647;
			files = (
			);
			runOnlyForDeploymentPostprocessing = 0;
		};
/* End PBXFrameworksBuildPhase section */

/* Begin PBXGroup section */
		1C7F4CE927F73CF400F5EE1D = {
			isa = PBXGroup;
			children = (
				1C7F4CF427F73CF400F5EE1D /* TicTacToeFourByFour */,
				1C7F4CF327F73CF400F5EE1D /* Products */,
			);
			sourceTree = "<group>";
		};
		1C7F4CF327F73CF400F5EE1D /* Products */ = {
			isa = PBXGroup;
			children = (
				1C7F4CF227F73CF400F5EE1D /* TicTacToeFourByFour.app */,
			);
			name = Products;
			sourceTree = "<group>";
		};
		1C7F4CF427F73CF400F5EE1D /* TicTacToeFourByFour */ = {
			isa = PBXGroup;
			children = (
				1C7F4D1227F7499900F5EE1D /* GameView.swift */,
				1C7F4CF527F73CF400F5EE1D /* AppDelegate.swift */,
				1C7F4CF727F73CF400F5EE1D /* SceneDelegate.swift */,
				1C7F4CF927F73CF400F5EE1D /* ViewController.swift */,
				1C7F4D0127F73CF900F5EE1D /* Assets.xcassets */,
				1C7F4D0327F73CF900F5EE1D /* LaunchScreen.storyboard */,
				1C7F4D0627F73CF900F5EE1D /* Info.plist */,
				1C7F4CFE27F73CF400F5EE1D /* TicTacToeFourByFour.xcdatamodeld */,
				1C7F4D0C27F73E7800F5EE1D /* TicTacModel.swift */,
				1C7F4D0E27F7446A00F5EE1D /* GameModel.swift */,
			);
			path = TicTacToeFourByFour;
			sourceTree = "<group>";
		};
/* End PBXGroup section */

/* Begin PBXNativeTarget section */
		1C7F4CF127F73CF400F5EE1D /* TicTacToeFourByFour */ = {
			isa = PBXNativeTarget;
			buildConfigurationList = 1C7F4D0927F73CF900F5EE1D /* Build configuration list for PBXNativeTarget "TicTacToeFourByFour" */;
			buildPhases = (
				1C7F4CEE27F73CF400F5EE1D /* Sources */,
				1C7F4CEF27F73CF400F5EE1D /* Frameworks */,
				1C7F4CF027F73CF400F5EE1D /* Resources */,
			);
			buildRules = (
			);
			dependencies = (
			);
			name = TicTacToeFourByFour;
			productName = TicTacToeFourByFour;
			productReference = 1C7F4CF227F73CF400F5EE1D /* TicTacToeFourByFour.app */;
			productType = "com.apple.product-type.application";
		};
/* End PBXNativeTarget section */

/* Begin PBXProject section */
		1C7F4CEA27F73CF400F5EE1D /* Project object */ = {
			isa = PBXProject;
			attributes = {
				BuildIndependentTargetsInParallel = 1;
				LastSwiftUpdateCheck = 1300;
				LastUpgradeCheck = 1300;
				TargetAttributes = {
					1C7F4CF127F73CF400F5EE1D = {
						CreatedOnToolsVersion = 13.0;
					};
				};
			};
			buildConfigurationList = 1C7F4CED27F73CF400F5EE1D /* Build configuration list for PBXProject "TicTacToeFourByFour" */;
			compatibilityVersion = "Xcode 13.0";
			developmentRegion = en;
			hasScannedForEncodings = 0;
			knownRegions = (
				en,
				Base,
			);
			mainGroup = 1C7F4CE927F73CF400F5EE1D;
			productRefGroup = 1C7F4CF327F73CF400F5EE1D /* Products */;
			projectDirPath = "";
			projectRoot = "";
			targets = (
				1C7F4CF127F73CF400F5EE1D /* TicTacToeFourByFour */,
			);
		};
/* End PBXProject section */

/* Begin PBXResourcesBuildPhase section */
		1C7F4CF027F73CF400F5EE1D /* Resources */ = {
			isa = PBXResourcesBuildPhase;
			buildActionMask = 2147483647;
			files = (
				1C7F4D0527F73CF900F5EE1D /* LaunchScreen.storyboard in Resources */,
				1C7F4D0227F73CF900F5EE1D /* Assets.xcassets in Resources */,
			);
			runOnlyForDeploymentPostprocessing = 0;
		};
/* End PBXResourcesBuildPhase section */

/* Begin PBXSourcesBuildPhase section */
		1C7F4CEE27F73CF400F5EE1D /* Sources */ = {
			isa = PBXSourcesBuildPhase;
			buildActionMask = 2147483647;
			files = (
				1C7F4CFA27F73CF400F5EE1D /* ViewController.swift in Sources */,
				1C7F4CF627F73CF400F5EE1D /* AppDelegate.swift in Sources */,
				1C7F4D0027F73CF400F5EE1D /* TicTacToeFourByFour.xcdatamodeld in Sources */,
				1C7F4CF827F73CF400F5EE1D /* SceneDelegate.swift in Sources */,
				1C7F4D0D27F73E7800F5EE1D /* TicTacModel.swift in Sources */,
				1C7F4D0F27F7446A00F5EE1D /* GameModel.swift in Sources */,
				1C7F4D1327F7499900F5EE1D /* GameView.swift in Sources */,
			);
			runOnlyForDeploymentPostprocessing = 0;
		};
/* End PBXSourcesBuildPhase section */

/* Begin PBXVariantGroup section */
		1C7F4D0327F73CF900F5EE1D /* LaunchScreen.storyboard */ = {
			isa = PBXVariantGroup;
			children = (
				1C7F4D0427F73CF900F5EE1D /* Base */,
			);
			name = LaunchScreen.storyboard;
			sourceTree = "<group>";
		};
/* End PBXVariantGroup section */

/* Begin XCBuildConfiguration section */
		1C7F4D0727F73CF900F5EE1D /* Debug */ = {
			isa = XCBuildConfiguration;
			buildSettings = {
				ALWAYS_SEARCH_USER_PATHS = NO;
				CLANG_ANALYZER_NONNULL = YES;
				CLANG_ANALYZER_NUMBER_OBJECT_CONVERSION = YES_AGGRESSIVE;
				CLANG_CXX_LANGUAGE_STANDARD = "gnu++17";
				CLANG_CXX_LIBRARY = "libc++";
				CLANG_ENABLE_MODULES = YES;
				CLANG_ENABLE_OBJC_ARC = YES;
				CLANG_ENABLE_OBJC_WEAK = YES;
				CLANG_WARN_BLOCK_CAPTURE_AUTORELEASING = YES;
				CLANG_WARN_BOOL_CONVERSION = YES;
				CLANG_WARN_COMMA = YES;
				CLANG_WARN_CONSTANT_CONVERSION = YES;
				CLANG_WARN_DEPRECATED_OBJC_IMPLEMENTATIONS = YES;
				CLANG_WARN_DIRECT_OBJC_ISA_USAGE = YES_ERROR;
				CLANG_WARN_DOCUMENTATION_COMMENTS = YES;
				CLANG_WARN_EMPTY_BODY = YES;
				CLANG_WARN_ENUM_CONVERSION = YES;
				CLANG_WARN_INFINITE_RECURSION = YES;
				CLANG_WARN_INT_CONVERSION = YES;
				CLANG_WARN_NON_LITERAL_NULL_CONVERSION = YES;
				CLANG_WARN_OBJC_IMPLICIT_RETAIN_SELF = YES;
				CLANG_WARN_OBJC_LITERAL_CONVERSION = YES;
				CLANG_WARN_OBJC_ROOT_CLASS = YES_ERROR;
				CLANG_WARN_QUOTED_INCLUDE_IN_FRAMEWORK_HEADER = YES;
				CLANG_WARN_RANGE_LOOP_ANALYSIS = YES;
				CLANG_WARN_STRICT_PROTOTYPES = YES;
				CLANG_WARN_SUSPICIOUS_MOVE = YES;
				CLANG_WARN_UNGUARDED_AVAILABILITY = YES_AGGRESSIVE;
				CLANG_WARN_UNREACHABLE_CODE = YES;
				CLANG_WARN__DUPLICATE_METHOD_MATCH = YES;
				COPY_PHASE_STRIP = NO;
				DEBUG_INFORMATION_FORMAT = dwarf;
				ENABLE_STRICT_OBJC_MSGSEND = YES;
				ENABLE_TESTABILITY = YES;
				GCC_C_LANGUAGE_STANDARD = gnu11;
				GCC_DYNAMIC_NO_PIC = NO;
				GCC_NO_COMMON_BLOCKS = YES;
				GCC_OPTIMIZATION_LEVEL = 0;
				GCC_PREPROCESSOR_DEFINITIONS = (
					"DEBUG=1",
					"$(inherited)",
				);
				GCC_WARN_64_TO_32_BIT_CONVERSION = YES;
				GCC_WARN_ABOUT_RETURN_TYPE = YES_ERROR;
				GCC_WARN_UNDECLARED_SELECTOR = YES;
				GCC_WARN_UNINITIALIZED_AUTOS = YES_AGGRESSIVE;
				GCC_WARN_UNUSED_FUNCTION = YES;
				GCC_WARN_UNUSED_VARIABLE = YES;
				IPHONEOS_DEPLOYMENT_TARGET = 15.0;
				MTL_ENABLE_DEBUG_INFO = INCLUDE_SOURCE;
				MTL_FAST_MATH = YES;
				ONLY_ACTIVE_ARCH = YES;
				SDKROOT = iphoneos;
				SWIFT_ACTIVE_COMPILATION_CONDITIONS = DEBUG;
				SWIFT_OPTIMIZATION_LEVEL = "-Onone";
			};
			name = Debug;
		};
		1C7F4D0827F73CF900F5EE1D /* Release */ = {
			isa = XCBuildConfiguration;
			buildSettings = {
				ALWAYS_SEARCH_USER_PATHS = NO;
				CLANG_ANALYZER_NONNULL = YES;
				CLANG_ANALYZER_NUMBER_OBJECT_CONVERSION = YES_AGGRESSIVE;
				CLANG_CXX_LANGUAGE_STANDARD = "gnu++17";
				CLANG_CXX_LIBRARY = "libc++";
				CLANG_ENABLE_MODULES = YES;
				CLANG_ENABLE_OBJC_ARC = YES;
				CLANG_ENABLE_OBJC_WEAK = YES;
				CLANG_WARN_BLOCK_CAPTURE_AUTORELEASING = YES;
				CLANG_WARN_BOOL_CONVERSION = YES;
				CLANG_WARN_COMMA = YES;
				CLANG_WARN_CONSTANT_CONVERSION = YES;
				CLANG_WARN_DEPRECATED_OBJC_IMPLEMENTATIONS = YES;
				CLANG_WARN_DIRECT_OBJC_ISA_USAGE = YES_ERROR;
				CLANG_WARN_DOCUMENTATION_COMMENTS = YES;
				CLANG_WARN_EMPTY_BODY = YES;
				CLANG_WARN_ENUM_CONVERSION = YES;
				CLANG_WARN_INFINITE_RECURSION = YES;
				CLANG_WARN_INT_CONVERSION = YES;
				CLANG_WARN_NON_LITERAL_NULL_CONVERSION = YES;
				CLANG_WARN_OBJC_IMPLICIT_RETAIN_SELF = YES;
				CLANG_WARN_OBJC_LITERAL_CONVERSION = YES;
				CLANG_WARN_OBJC_ROOT_CLASS = YES_ERROR;
				CLANG_WARN_QUOTED_INCLUDE_IN_FRAMEWORK_HEADER = YES;
				CLANG_WARN_RANGE_LOOP_ANALYSIS = YES;
				CLANG_WARN_STRICT_PROTOTYPES = YES;
				CLANG_WARN_SUSPICIOUS_MOVE = YES;
				CLANG_WARN_UNGUARDED_AVAILABILITY = YES_AGGRESSIVE;
				CLANG_WARN_UNREACHABLE_CODE = YES;
				CLANG_WARN__DUPLICATE_METHOD_MATCH = YES;
				COPY_PHASE_STRIP = NO;
				DEBUG_INFORMATION_FORMAT = "dwarf-with-dsym";
				ENABLE_NS_ASSERTIONS = NO;
				ENABLE_STRICT_OBJC_MSGSEND = YES;
				GCC_C_LANGUAGE_STANDARD = gnu11;
				GCC_NO_COMMON_BLOCKS = YES;
				GCC_WARN_64_TO_32_BIT_CONVERSION = YES;
				GCC_WARN_ABOUT_RETURN_TYPE = YES_ERROR;
				GCC_WARN_UNDECLARED_SELECTOR = YES;
				GCC_WARN_UNINITIALIZED_AUTOS = YES_AGGRESSIVE;
				GCC_WARN_UNUSED_FUNCTION = YES;
				GCC_WARN_UNUSED_VARIABLE = YES;
				IPHONEOS_DEPLOYMENT_TARGET = 15.0;
				MTL_ENABLE_DEBUG_INFO = NO;
				MTL_FAST_MATH = YES;
				SDKROOT = iphoneos;
				SWIFT_COMPILATION_MODE = wholemodule;
				SWIFT_OPTIMIZATION_LEVEL = "-O";
				VALIDATE_PRODUCT = YES;
			};
			name = Release;
		};
		1C7F4D0A27F73CF900F5EE1D /* Debug */ = {
			isa = XCBuildConfiguration;
			buildSettings = {
				ASSETCATALOG_COMPILER_APPICON_NAME = AppIcon;
				ASSETCATALOG_COMPILER_GLOBAL_ACCENT_COLOR_NAME = AccentColor;
				CODE_SIGN_STYLE = Automatic;
				CURRENT_PROJECT_VERSION = 1;
				DEVELOPMENT_TEAM = AZ4UFHPF3C;
				GENERATE_INFOPLIST_FILE = YES;
				INFOPLIST_FILE = TicTacToeFourByFour/Info.plist;
				INFOPLIST_KEY_UIApplicationSupportsIndirectInputEvents = YES;
				INFOPLIST_KEY_UILaunchStoryboardName = LaunchScreen;
				INFOPLIST_KEY_UISupportedInterfaceOrientations_iPad = "UIInterfaceOrientationPortrait UIInterfaceOrientationPortraitUpsideDown UIInterfaceOrientationLandscapeLeft UIInterfaceOrientationLandscapeRight";
				INFOPLIST_KEY_UISupportedInterfaceOrientations_iPhone = "UIInterfaceOrientationPortrait UIInterfaceOrientationLandscapeLeft UIInterfaceOrientationLandscapeRight";
				LD_RUNPATH_SEARCH_PATHS = (
					"$(inherited)",
					"@executable_path/Frameworks",
				);
				MARKETING_VERSION = 1.0;
				PRODUCT_BUNDLE_IDENTIFIER = com.KorolevSolutions.TicTacToeFourByFour;
				PRODUCT_NAME = "$(TARGET_NAME)";
				SWIFT_EMIT_LOC_STRINGS = YES;
				SWIFT_VERSION = 5.0;
				TARGETED_DEVICE_FAMILY = "1,2";
			};
			name = Debug;
		};
		1C7F4D0B27F73CF900F5EE1D /* Release */ = {
			isa = XCBuildConfiguration;
			buildSettings = {
				ASSETCATALOG_COMPILER_APPICON_NAME = AppIcon;
				ASSETCATALOG_COMPILER_GLOBAL_ACCENT_COLOR_NAME = AccentColor;
				CODE_SIGN_STYLE = Automatic;
				CURRENT_PROJECT_VERSION = 1;
				DEVELOPMENT_TEAM = AZ4UFHPF3C;
				GENERATE_INFOPLIST_FILE = YES;
				INFOPLIST_FILE = TicTacToeFourByFour/Info.plist;
				INFOPLIST_KEY_UIApplicationSupportsIndirectInputEvents = YES;
				INFOPLIST_KEY_UILaunchStoryboardName = LaunchScreen;
				INFOPLIST_KEY_UISupportedInterfaceOrientations_iPad = "UIInterfaceOrientationPortrait UIInterfaceOrientationPortraitUpsideDown UIInterfaceOrientationLandscapeLeft UIInterfaceOrientationLandscapeRight";
				INFOPLIST_KEY_UISupportedInterfaceOrientations_iPhone = "UIInterfaceOrientationPortrait UIInterfaceOrientationLandscapeLeft UIInterfaceOrientationLandscapeRight";
				LD_RUNPATH_SEARCH_PATHS = (
					"$(inherited)",
					"@executable_path/Frameworks",
				);
				MARKETING_VERSION = 1.0;
				PRODUCT_BUNDLE_IDENTIFIER = com.KorolevSolutions.TicTacToeFourByFour;
				PRODUCT_NAME = "$(TARGET_NAME)";
				SWIFT_EMIT_LOC_STRINGS = YES;
				SWIFT_VERSION = 5.0;
				TARGETED_DEVICE_FAMILY = "1,2";
			};
			name = Release;
		};
/* End XCBuildConfiguration section */

/* Begin XCConfigurationList section */
		1C7F4CED27F73CF400F5EE1D /* Build configuration list for PBXProject "TicTacToeFourByFour" */ = {
			isa = XCConfigurationList;
			buildConfigurations = (
				1C7F4D0727F73CF900F5EE1D /* Debug */,
				1C7F4D0827F73CF900F5EE1D /* Release */,
			);
			defaultConfigurationIsVisible = 0;
			defaultConfigurationName = Release;
		};
		1C7F4D0927F73CF900F5EE1D /* Build configuration list for PBXNativeTarget "TicTacToeFourByFour" */ = {
			isa = XCConfigurationList;
			buildConfigurations = (
				1C7F4D0A27F73CF900F5EE1D /* Debug */,
				1C7F4D0B27F73CF900F5EE1D /* Release */,
			);
			defaultConfigurationIsVisible = 0;
			defaultConfigurationName = Release;
		};
/* End XCConfigurationList section */

/* Begin XCVersionGroup section */
		1C7F4CFE27F73CF400F5EE1D /* TicTacToeFourByFour.xcdatamodeld */ = {
			isa = XCVersionGroup;
			children = (
				1C7F4CFF27F73CF400F5EE1D /* TicTacToeFourByFour.xcdatamodel */,
			);
			currentVersion = 1C7F4CFF27F73CF400F5EE1D /* TicTacToeFourByFour.xcdatamodel */;
			path = TicTacToeFourByFour.xcdatamodeld;
			sourceTree = "<group>";
			versionGroupType = wrapper.xcdatamodel;
		};
/* End XCVersionGroup section */
	};
	rootObject = 1C7F4CEA27F73CF400F5EE1D /* Project object */;
}
